
Microsoft Visual Studio Solution File, Format Version 12.00
# Visual Studio Version 17
VisualStudioVersion = 17.7.34024.191
MinimumVisualStudioVersion = 10.0.40219.1
Project("{8BC9CEB8-8B4A-11D0-8D11-00A0C91BC942}") = "opencv_test", "opencv_test\opencv_test.vcxproj", "{DE8AE96B-CF17-4F8B-B3CF-73CD27C6BA3E}"
EndProject
Global
	GlobalSection(SolutionConfigurationPlatforms) = preSolution
		Debug|x64 = Debug|x64
		Debug|x86 = Debug|x86
		Release|x64 = Release|x64
		Release|x86 = Release|x86
	EndGlobalSection
	GlobalSection(ProjectConfigurationPlatforms) = postSolution
		{DE8AE96B-CF17-4F8B-B3CF-73CD27C6BA3E}.Debug|x64.ActiveCfg = Debug|x64
		{DE8AE96B-CF17-4F8B-B3CF-73CD27C6BA3E}.Debug|x64.Build.0 = Debug|x64
		{DE8AE96B-CF17-4F8B-B3CF-73CD27C6BA3E}.Debug|x86.ActiveCfg = Debug|Win32
		{DE8AE96B-CF17-4F8B-B3CF-73CD27C6BA3E}.Debug|x86.Build.0 = Debug|Win32
		{DE8AE96B-CF17-4F8B-B3CF-73CD27C6BA3E}.Release|x64.ActiveCfg = Release|x64
		{DE8AE96B-CF17-4F8B-B3CF-73CD27C6BA3E}.Release|x64.Build.0 = Release|x64
		{DE8AE96B-CF17-4F8B-B3CF-73CD27C6BA3E}.Release|x86.ActiveCfg = Release|Win32
		{DE8AE96B-CF17-4F8B-B3CF-73CD27C6BA3E}.Release|x86.Build.0 = Release|Win32
	EndGlobalSection
	GlobalSection(SolutionProperties) = preSolution
		HideSolutionNode = FALSE
	EndGlobalSection
	GlobalSection(ExtensibilityGlobals) = postSolution
		SolutionGuid = {FEC09F6C-86BC-4F35-B238-5C30DD6574DC}
	EndGlobalSection
EndGlobal
